{"is_source_file": false, "format": "", "description": "", "external_files": [], "external_methods": [], "published": [], "classes": [], "methods": [], "calls": [], "search-terms": [], "state": 2, "file_id": 37, "knowledge_revision": 79, "git_revision": "5b1c9648d268ad332e9aa0078109786541d462a6", "hash": "e9b4c3b42cef0193b7fddb548d37e652", "format-version": 4, "code-base-name": "default", "filename": "birthday_video_frontend_workspace/birthday_video_frontend/post_process_status.lock", "revision_history": [{"79": "5b1c9648d268ad332e9aa0078109786541d462a6"}]}